
Microsoft Visual Studio Solution File, Format Version 12.00
# Visual Studio Version 16
VisualStudioVersion = 16.0.31702.278
MinimumVisualStudioVersion = 10.0.40219.1
Project("{FAE04EC0-301F-11D3-BF4B-00C04F79EFBC}") = "Task2_Classes", "Task2_Classes\Task2_Classes.csproj", "{2350A62E-AF83-4709-AAEA-69BA1834B5D1}"
EndProject
Global
	GlobalSection(SolutionConfigurationPlatforms) = preSolution
		Debug|Any CPU = Debug|Any CPU
		Release|Any CPU = Release|Any CPU
	EndGlobalSection
	GlobalSection(ProjectConfigurationPlatforms) = postSolution
		{2350A62E-AF83-4709-AAEA-69BA1834B5D1}.Debug|Any CPU.ActiveCfg = Debug|Any CPU
		{2350A62E-AF83-4709-AAEA-69BA1834B5D1}.Debug|Any CPU.Build.0 = Debug|Any CPU
		{2350A62E-AF83-4709-AAEA-69BA1834B5D1}.Release|Any CPU.ActiveCfg = Release|Any CPU
		{2350A62E-AF83-4709-AAEA-69BA1834B5D1}.Release|Any CPU.Build.0 = Release|Any CPU
	EndGlobalSection
	GlobalSection(SolutionProperties) = preSolution
		HideSolutionNode = FALSE
	EndGlobalSection
	GlobalSection(ExtensibilityGlobals) = postSolution
		SolutionGuid = {A8E6AAC0-E405-411F-AD27-A0BF9FEA758C}
	EndGlobalSection
EndGlobal
